
Microsoft Visual Studio Solution File, Format Version 12.00
# Visual Studio Version 17
VisualStudioVersion = 17.8.34322.80
MinimumVisualStudioVersion = 10.0.40219.1
Project("{9A19103F-16F7-4668-BE54-9A1E7A4F7556}") = "DS4WinWPF", "DS4Windows\DS4WinWPF.csproj", "{0135A24D-5DBB-483C-9FC5-9A869E23DA9A}"
	ProjectSection(ProjectDependencies) = postProject
		{90825265-D005-4F6E-BAEC-905412CA80A5} = {90825265-D005-4F6E-BAEC-905412CA80A5}
		{AAA75DAF-1462-424A-BF00-E0BF04474B2C} = {AAA75DAF-1462-424A-BF00-E0BF04474B2C}
	EndProjectSection
EndProject
Project("{9A19103F-16F7-4668-BE54-9A1E7A4F7556}") = "DS4WindowsTests", "DS4WindowsTests\DS4WindowsTests.csproj", "{6BEB9062-56E7-4A0D-9243-BE43F09A711D}"
EndProject
Project("{9A19103F-16F7-4668-BE54-9A1E7A4F7556}") = "CustomMacroBase", "CustomMacroBase\CustomMacroBase.csproj", "{AAA75DAF-1462-424A-BF00-E0BF04474B2C}"
EndProject
Project("{9A19103F-16F7-4668-BE54-9A1E7A4F7556}") = "CustomMacroFactory", "CustomMacroFactory\CustomMacroFactory.csproj", "{90825265-D005-4F6E-BAEC-905412CA80A5}"
EndProject
Project("{9A19103F-16F7-4668-BE54-9A1E7A4F7556}") = "DS4WinWPF.UI", "DS4Windows.UI\DS4WinWPF.UI.csproj", "{20E55051-DF1E-4094-9185-31E7C9C7A131}"
EndProject
Global
	GlobalSection(SolutionConfigurationPlatforms) = preSolution
		Debug|x64 = Debug|x64
		Release|x64 = Release|x64
	EndGlobalSection
	GlobalSection(ProjectConfigurationPlatforms) = postSolution
		{0135A24D-5DBB-483C-9FC5-9A869E23DA9A}.Debug|x64.ActiveCfg = Debug|x64
		{0135A24D-5DBB-483C-9FC5-9A869E23DA9A}.Debug|x64.Build.0 = Debug|x64
		{0135A24D-5DBB-483C-9FC5-9A869E23DA9A}.Release|x64.ActiveCfg = Release|x64
		{0135A24D-5DBB-483C-9FC5-9A869E23DA9A}.Release|x64.Build.0 = Release|x64
		{6BEB9062-56E7-4A0D-9243-BE43F09A711D}.Debug|x64.ActiveCfg = Debug|x64
		{6BEB9062-56E7-4A0D-9243-BE43F09A711D}.Release|x64.ActiveCfg = Release|x64
		{AAA75DAF-1462-424A-BF00-E0BF04474B2C}.Debug|x64.ActiveCfg = Debug|x64
		{AAA75DAF-1462-424A-BF00-E0BF04474B2C}.Debug|x64.Build.0 = Debug|x64
		{AAA75DAF-1462-424A-BF00-E0BF04474B2C}.Release|x64.ActiveCfg = Release|x64
		{AAA75DAF-1462-424A-BF00-E0BF04474B2C}.Release|x64.Build.0 = Release|x64
		{90825265-D005-4F6E-BAEC-905412CA80A5}.Debug|x64.ActiveCfg = Debug|x64
		{90825265-D005-4F6E-BAEC-905412CA80A5}.Debug|x64.Build.0 = Debug|x64
		{90825265-D005-4F6E-BAEC-905412CA80A5}.Release|x64.ActiveCfg = Release|x64
		{90825265-D005-4F6E-BAEC-905412CA80A5}.Release|x64.Build.0 = Release|x64
		{20E55051-DF1E-4094-9185-31E7C9C7A131}.Debug|x64.ActiveCfg = Debug|x64
		{20E55051-DF1E-4094-9185-31E7C9C7A131}.Debug|x64.Build.0 = Debug|x64
		{20E55051-DF1E-4094-9185-31E7C9C7A131}.Release|x64.ActiveCfg = Release|x64
		{20E55051-DF1E-4094-9185-31E7C9C7A131}.Release|x64.Build.0 = Release|x64
	EndGlobalSection
	GlobalSection(SolutionProperties) = preSolution
		HideSolutionNode = FALSE
	EndGlobalSection
	GlobalSection(ExtensibilityGlobals) = postSolution
		SolutionGuid = {2BE30981-376A-4DEA-B2B1-247BADB864FC}
	EndGlobalSection
EndGlobal
